<?xml version="1.0" encoding="utf-8"?>
<Project ToolsVersion="4.0" xmlns="http://schemas.microsoft.com/developer/msbuild/2003">
  <ItemGroup>
    <!-- 顶层逻辑分类 -->
    <Filter Include="Core">
      <UniqueIdentifier>{4FC737F1-C7A5-4376-A066-2A32D752A2FF}</UniqueIdentifier>
    </Filter>
    <Filter Include="UI">
      <UniqueIdentifier>{93995380-89BD-4b04-88EB-625FBE52EBFB}</UniqueIdentifier>
    </Filter>
    <Filter Include="Utils">
      <UniqueIdentifier>{67DA6AB6-F800-4c08-8B7A-83BB121AAD01}</UniqueIdentifier>
    </Filter>
    <Filter Include="Vendor">
      <UniqueIdentifier>{c94537ad-1957-4504-a13d-fe9a4a6f292f}</UniqueIdentifier>
    </Filter>
    <Filter Include="Vendor\imgui">
      <UniqueIdentifier>{c94537ad-1957-4504-a13d-fe9a4a6f2930}</UniqueIdentifier>
    </Filter>
    <Filter Include="Vendor\imgui\backends">
      <UniqueIdentifier>{65c37279-71d6-491e-819b-5034504f3347}</UniqueIdentifier>
    </Filter>
    <Filter Include="Utils\os">
      <UniqueIdentifier>{e3e1b7c8-defb-4314-beda-4ca48abd31ec}</UniqueIdentifier>
    </Filter>
    <Filter Include="crypto">
      <UniqueIdentifier>{3b4a80c0-643f-4f30-81d9-1e212720985e}</UniqueIdentifier>
    </Filter>
    <Filter Include="Utils\keyboard">
      <UniqueIdentifier>{ea52dd44-c207-4d17-8e56-ba92c328e923}</UniqueIdentifier>
    </Filter>
  </ItemGroup>
  <ItemGroup>
    <!-- Core 模块 -->
    <!-- UI 模块 (UI渲染 + Render工具) -->
    <!-- Utils 模块 (数据管理 + 输入检测) -->
    <!-- Vendor 模块 (ImGui) -->
    <ClCompile Include="src\core\Application.cpp">
      <Filter>Core</Filter>
    </ClCompile>
    <ClCompile Include="src\core\main.cpp">
      <Filter>Core</Filter>
    </ClCompile>
    <ClCompile Include="src\ui\RenderUtils.cpp">
      <Filter>UI</Filter>
    </ClCompile>
    <ClCompile Include="src\ui\UI.cpp">
      <Filter>UI</Filter>
    </ClCompile>
    <ClCompile Include="src\utils\Contact.cpp">
      <Filter>Utils</Filter>
    </ClCompile>
    <ClCompile Include="lib\imgui\backends\imgui_impl_dx11.cpp">
      <Filter>Vendor\imgui\backends</Filter>
    </ClCompile>
    <ClCompile Include="lib\imgui\backends\imgui_impl_win32.cpp">
      <Filter>Vendor\imgui\backends</Filter>
    </ClCompile>
    <ClCompile Include="lib\imgui\imgui.cpp">
      <Filter>Vendor\imgui</Filter>
    </ClCompile>
    <ClCompile Include="lib\imgui\imgui_draw.cpp">
      <Filter>Vendor\imgui</Filter>
    </ClCompile>
    <ClCompile Include="lib\imgui\imgui_tables.cpp">
      <Filter>Vendor\imgui</Filter>
    </ClCompile>
    <ClCompile Include="lib\imgui\imgui_widgets.cpp">
      <Filter>Vendor\imgui</Filter>
    </ClCompile>
    <ClCompile Include="src\crypto\RSA.cpp">
      <Filter>crypto</Filter>
    </ClCompile>
  </ItemGroup>
  <ItemGroup>
    <ClInclude Include="src\core\Application.h">
      <Filter>Core</Filter>
    </ClInclude>
    <ClInclude Include="src\ui\RenderUtils.h">
      <Filter>UI</Filter>
    </ClInclude>
    <ClInclude Include="src\ui\UI.h">
      <Filter>UI</Filter>
    </ClInclude>
    <ClInclude Include="src\utils\Contact.h">
      <Filter>Utils</Filter>
    </ClInclude>
    <ClInclude Include="lib\imgui\backends\imgui_impl_dx11.h">
      <Filter>Vendor\imgui\backends</Filter>
    </ClInclude>
    <ClInclude Include="lib\imgui\backends\imgui_impl_win32.h">
      <Filter>Vendor\imgui\backends</Filter>
    </ClInclude>
    <ClInclude Include="lib\imgui\imconfig.h">
      <Filter>Vendor\imgui</Filter>
    </ClInclude>
    <ClInclude Include="lib\imgui\imgui.h">
      <Filter>Vendor\imgui</Filter>
    </ClInclude>
    <ClInclude Include="lib\imgui\imgui_internal.h">
      <Filter>Vendor\imgui</Filter>
    </ClInclude>
    <ClInclude Include="lib\imgui\imstb_rectpack.h">
      <Filter>Vendor\imgui</Filter>
    </ClInclude>
    <ClInclude Include="lib\imgui\imstb_textedit.h">
      <Filter>Vendor\imgui</Filter>
    </ClInclude>
    <ClInclude Include="lib\imgui\imstb_truetype.h">
      <Filter>Vendor\imgui</Filter>
    </ClInclude>
    <ClInclude Include="src\crypto\RSA.h">
      <Filter>crypto</Filter>
    </ClInclude>
    <ClInclude Include="src\utils\os\file.h">
      <Filter>Utils\os</Filter>
    </ClInclude>
    <ClInclude Include="src\utils\os\conversion.h">
      <Filter>Utils\os</Filter>
    </ClInclude>
    <ClInclude Include="src\utils\keyboard\InputEvents.h">
      <Filter>Utils\keyboard</Filter>
    </ClInclude>
    <ClInclude Include="src\utils\keyboard\KeyboardController.h">
      <Filter>Utils\keyboard</Filter>
    </ClInclude>
    <ClInclude Include="src\utils\keyboard\KeyboardState.h">
      <Filter>Utils\keyboard</Filter>
    </ClInclude>
    <ClInclude Include="src\utils\os\clipboard.h">
      <Filter>Utils\os</Filter>
    </ClInclude>
    <ClInclude Include="src\utils\os\mouse.h">
      <Filter>Utils\keyboard</Filter>
    </ClInclude>
  </ItemGroup>
</Project>